
Microsoft Visual Studio Solution File, Format Version 12.00
# Visual Studio Version 16
VisualStudioVersion = 16.0.30413.136
MinimumVisualStudioVersion = 10.0.40219.1
Project("{FAE04EC0-301F-11D3-BF4B-00C04F79EFBC}") = "zijian666.Core.Abstractions", "zijian666.Core.Abstractions\zijian666.Core.Abstractions.csproj", "{13D6448E-401A-43CD-859E-EB486097A101}"
EndProject
Project("{2150E333-8FDC-42A3-9474-1A3956D46DE8}") = "files", "files", "{4483F9C9-7191-4EC2-842E-7496136BB9AE}"
	ProjectSection(SolutionItems) = preProject
		LICENSE = LICENSE
		README.md = README.md
	EndProjectSection
EndProject
Global
	GlobalSection(SolutionConfigurationPlatforms) = preSolution
		Debug|Any CPU = Debug|Any CPU
		Release|Any CPU = Release|Any CPU
	EndGlobalSection
	GlobalSection(ProjectConfigurationPlatforms) = postSolution
		{13D6448E-401A-43CD-859E-EB486097A101}.Debug|Any CPU.ActiveCfg = Debug|Any CPU
		{13D6448E-401A-43CD-859E-EB486097A101}.Debug|Any CPU.Build.0 = Debug|Any CPU
		{13D6448E-401A-43CD-859E-EB486097A101}.Release|Any CPU.ActiveCfg = Release|Any CPU
		{13D6448E-401A-43CD-859E-EB486097A101}.Release|Any CPU.Build.0 = Release|Any CPU
	EndGlobalSection
	GlobalSection(SolutionProperties) = preSolution
		HideSolutionNode = FALSE
	EndGlobalSection
	GlobalSection(ExtensibilityGlobals) = postSolution
		SolutionGuid = {6455504F-0A92-45F9-9AAB-785F80768149}
	EndGlobalSection
EndGlobal
